<?xml version="1.0" encoding="utf-8"?>
<Project ToolsVersion="4.0" xmlns="http://schemas.microsoft.com/developer/msbuild/2003">
  <ItemGroup>
    <Filter Include="Source Files">
      <UniqueIdentifier>{4FC737F1-C7A5-4376-A066-2A32D752A2FF}</UniqueIdentifier>
      <Extensions>cpp;c;cc;cxx;def;odl;idl;hpj;bat;asm;asmx</Extensions>
    </Filter>
    <Filter Include="Header Files">
      <UniqueIdentifier>{93995380-89BD-4b04-88EB-625FBE52EBFB}</UniqueIdentifier>
      <Extensions>h;hh;hpp;hxx;hm;inl;inc;xsd</Extensions>
    </Filter>
    <Filter Include="Resource Files">
      <UniqueIdentifier>{67DA6AB6-F800-4c08-8B7A-83BB121AAD01}</UniqueIdentifier>
      <Extensions>rc;ico;cur;bmp;dlg;rc2;rct;bin;rgs;gif;jpg;jpeg;jpe;resx;tiff;tif;png;wav</Extensions>
    </Filter>
  </ItemGroup>
  <ItemGroup>
    <ClCompile Include="src\AChecker.cpp">
      <Filter>Source Files</Filter>
    </ClCompile>
    <ClCompile Include="src\BChecker.cpp">
      <Filter>Source Files</Filter>
    </ClCompile>
    <ClCompile Include="src\CChecker.cpp">
      <Filter>Source Files</Filter>
    </ClCompile>
    <ClCompile Include="src\DChecker.cpp">
      <Filter>Source Files</Filter>
    </ClCompile>
    <ClCompile Include="src\EChecker.cpp">
      <Filter>Source Files</Filter>
    </ClCompile>
    <ClCompile Include="src\FChecker.cpp">
      <Filter>Source Files</Filter>
    </ClCompile>
    <ClCompile Include="src\GChecker.cpp">
      <Filter>Source Files</Filter>
    </ClCompile>
    <ClCompile Include="src\hangman.cpp">
      <Filter>Source Files</Filter>
    </ClCompile>
    <ClCompile Include="src\HChecker.cpp">
      <Filter>Source Files</Filter>
    </ClCompile>
    <ClCompile Include="src\IChecker.cpp">
      <Filter>Source Files</Filter>
    </ClCompile>
    <ClCompile Include="src\JChecker.cpp">
      <Filter>Source Files</Filter>
    </ClCompile>
    <ClCompile Include="src\KChecker.cpp">
      <Filter>Source Files</Filter>
    </ClCompile>
    <ClCompile Include="src\LChecker.cpp">
      <Filter>Source Files</Filter>
    </ClCompile>
    <ClCompile Include="src\LetterChecker.cpp">
      <Filter>Source Files</Filter>
    </ClCompile>
    <ClCompile Include="src\LetterFunction.cpp">
      <Filter>Source Files</Filter>
    </ClCompile>
    <ClCompile Include="src\MChecker.cpp">
      <Filter>Source Files</Filter>
    </ClCompile>
    <ClCompile Include="src\NChecker.cpp">
      <Filter>Source Files</Filter>
    </ClCompile>
    <ClCompile Include="src\OChecker.cpp">
      <Filter>Source Files</Filter>
    </ClCompile>
    <ClCompile Include="src\PChecker.cpp">
      <Filter>Source Files</Filter>
    </ClCompile>
    <ClCompile Include="src\Puzzle.cpp">
      <Filter>Source Files</Filter>
    </ClCompile>
    <ClCompile Include="src\QChecker.cpp">
      <Filter>Source Files</Filter>
    </ClCompile>
    <ClCompile Include="src\RChecker.cpp">
      <Filter>Source Files</Filter>
    </ClCompile>
    <ClCompile Include="src\SChecker.cpp">
      <Filter>Source Files</Filter>
    </ClCompile>
    <ClCompile Include="src\TChecker.cpp">
      <Filter>Source Files</Filter>
    </ClCompile>
    <ClCompile Include="src\UChecker.cpp">
      <Filter>Source Files</Filter>
    </ClCompile>
    <ClCompile Include="src\VChecker.cpp">
      <Filter>Source Files</Filter>
    </ClCompile>
    <ClCompile Include="src\WChecker.cpp">
      <Filter>Source Files</Filter>
    </ClCompile>
    <ClCompile Include="src\XChecker.cpp">
      <Filter>Source Files</Filter>
    </ClCompile>
    <ClCompile Include="src\YChecker.cpp">
      <Filter>Source Files</Filter>
    </ClCompile>
    <ClCompile Include="src\ZChecker.cpp">
      <Filter>Source Files</Filter>
    </ClCompile>
    <ClCompile Include="src\CardSystem.cpp">
      <Filter>Source Files</Filter>
    </ClCompile>
    <ClCompile Include="src\LetterCard.cpp">
      <Filter>Source Files</Filter>
    </ClCompile>
    <ClCompile Include="src\Moves.cpp">
      <Filter>Source Files</Filter>
    </ClCompile>
    <ClCompile Include="src\Card.cpp">
      <Filter>Source Files</Filter>
    </ClCompile>
    <ClCompile Include="src\Oxygen.cpp">
      <Filter>Source Files</Filter>
    </ClCompile>
  </ItemGroup>
  <ItemGroup>
    <ClInclude Include="include\AChecker.h">
      <Filter>Header Files</Filter>
    </ClInclude>
    <ClInclude Include="include\BChecker.h">
      <Filter>Header Files</Filter>
    </ClInclude>
    <ClInclude Include="include\CChecker.h">
      <Filter>Header Files</Filter>
    </ClInclude>
    <ClInclude Include="include\DChecker.h">
      <Filter>Header Files</Filter>
    </ClInclude>
    <ClInclude Include="include\EChecker.h">
      <Filter>Header Files</Filter>
    </ClInclude>
    <ClInclude Include="include\FChecker.h">
      <Filter>Header Files</Filter>
    </ClInclude>
    <ClInclude Include="include\GChecker.h">
      <Filter>Header Files</Filter>
    </ClInclude>
    <ClInclude Include="include\HChecker.h">
      <Filter>Header Files</Filter>
    </ClInclude>
    <ClInclude Include="include\IChecker.h">
      <Filter>Header Files</Filter>
    </ClInclude>
    <ClInclude Include="include\JChecker.h">
      <Filter>Header Files</Filter>
    </ClInclude>
    <ClInclude Include="include\KChecker.h">
      <Filter>Header Files</Filter>
    </ClInclude>
    <ClInclude Include="include\LChecker.h">
      <Filter>Header Files</Filter>
    </ClInclude>
    <ClInclude Include="include\LetterChecker.h">
      <Filter>Header Files</Filter>
    </ClInclude>
    <ClInclude Include="include\LetterFunction.h">
      <Filter>Header Files</Filter>
    </ClInclude>
    <ClInclude Include="include\MChecker.h">
      <Filter>Header Files</Filter>
    </ClInclude>
    <ClInclude Include="include\NChecker.h">
      <Filter>Header Files</Filter>
    </ClInclude>
    <ClInclude Include="include\OChecker.h">
      <Filter>Header Files</Filter>
    </ClInclude>
    <ClInclude Include="include\PChecker.h">
      <Filter>Header Files</Filter>
    </ClInclude>
    <ClInclude Include="include\Puzzle.h">
      <Filter>Header Files</Filter>
    </ClInclude>
    <ClInclude Include="include\QChecker.h">
      <Filter>Header Files</Filter>
    </ClInclude>
    <ClInclude Include="include\RChecker.h">
      <Filter>Header Files</Filter>
    </ClInclude>
    <ClInclude Include="include\SChecker.h">
      <Filter>Header Files</Filter>
    </ClInclude>
    <ClInclude Include="include\TChecker.h">
      <Filter>Header Files</Filter>
    </ClInclude>
    <ClInclude Include="include\UChecker.h">
      <Filter>Header Files</Filter>
    </ClInclude>
    <ClInclude Include="include\VChecker.h">
      <Filter>Header Files</Filter>
    </ClInclude>
    <ClInclude Include="include\WChecker.h">
      <Filter>Header Files</Filter>
    </ClInclude>
    <ClInclude Include="include\XChecker.h">
      <Filter>Header Files</Filter>
    </ClInclude>
    <ClInclude Include="include\YChecker.h">
      <Filter>Header Files</Filter>
    </ClInclude>
    <ClInclude Include="include\ZChecker.h">
      <Filter>Header Files</Filter>
    </ClInclude>
    <ClInclude Include="include\LetterCard.h">
      <Filter>Header Files</Filter>
    </ClInclude>
    <ClInclude Include="include\Moves.h">
      <Filter>Header Files</Filter>
    </ClInclude>
    <ClInclude Include="include\CardSystem.h">
      <Filter>Header Files</Filter>
    </ClInclude>
    <ClInclude Include="include\Card.h">
      <Filter>Header Files</Filter>
    </ClInclude>
    <ClInclude Include="include\Oxygen.h">
      <Filter>Header Files</Filter>
    </ClInclude>
  </ItemGroup>
  <ItemGroup>
    <Text Include="bin\dictionary.txt" />
    <Text Include="bin\dictionary_all_letters.txt" />
    <Text Include="bin\dictionary_fruits.txt" />
    <Text Include="bin\dictionary_many.txt" />
  </ItemGroup>
</Project>